
Microsoft Visual Studio Solution File, Format Version 12.00
# Visual Studio 15
VisualStudioVersion = 15.0.26430.13
MinimumVisualStudioVersion = 10.0.40219.1
Project("{FAE04EC0-301F-11D3-BF4B-00C04F79EFBC}") = "CrimesProcessingAgent", "CrimesProcessingAgent\CrimesProcessingAgent.csproj", "{4DD09589-AE9C-48E0-B19B-079A6CB9E6EE}"
EndProject
Project("{FAE04EC0-301F-11D3-BF4B-00C04F79EFBC}") = "CrimesProcessing.Contracts", "CrimesProcessing.Contracts\CrimesProcessing.Contracts.csproj", "{7ADB937A-00AE-4C98-AFEF-84C1D45336DD}"
EndProject
Project("{FAE04EC0-301F-11D3-BF4B-00C04F79EFBC}") = "CrimesProcessingAgent.RpcTests", "CrimesProcessingAgent.RpcTests\CrimesProcessingAgent.RpcTests.csproj", "{939CA18A-A23F-4B7B-9FA8-E90665192071}"
EndProject
Global
	GlobalSection(SolutionConfigurationPlatforms) = preSolution
		Debug|Any CPU = Debug|Any CPU
		Release|Any CPU = Release|Any CPU
	EndGlobalSection
	GlobalSection(ProjectConfigurationPlatforms) = postSolution
		{4DD09589-AE9C-48E0-B19B-079A6CB9E6EE}.Debug|Any CPU.ActiveCfg = Debug|Any CPU
		{4DD09589-AE9C-48E0-B19B-079A6CB9E6EE}.Debug|Any CPU.Build.0 = Debug|Any CPU
		{4DD09589-AE9C-48E0-B19B-079A6CB9E6EE}.Release|Any CPU.ActiveCfg = Release|Any CPU
		{4DD09589-AE9C-48E0-B19B-079A6CB9E6EE}.Release|Any CPU.Build.0 = Release|Any CPU
		{7ADB937A-00AE-4C98-AFEF-84C1D45336DD}.Debug|Any CPU.ActiveCfg = Debug|Any CPU
		{7ADB937A-00AE-4C98-AFEF-84C1D45336DD}.Debug|Any CPU.Build.0 = Debug|Any CPU
		{7ADB937A-00AE-4C98-AFEF-84C1D45336DD}.Release|Any CPU.ActiveCfg = Release|Any CPU
		{7ADB937A-00AE-4C98-AFEF-84C1D45336DD}.Release|Any CPU.Build.0 = Release|Any CPU
		{939CA18A-A23F-4B7B-9FA8-E90665192071}.Debug|Any CPU.ActiveCfg = Debug|Any CPU
		{939CA18A-A23F-4B7B-9FA8-E90665192071}.Debug|Any CPU.Build.0 = Debug|Any CPU
		{939CA18A-A23F-4B7B-9FA8-E90665192071}.Release|Any CPU.ActiveCfg = Release|Any CPU
		{939CA18A-A23F-4B7B-9FA8-E90665192071}.Release|Any CPU.Build.0 = Release|Any CPU
	EndGlobalSection
	GlobalSection(SolutionProperties) = preSolution
		HideSolutionNode = FALSE
	EndGlobalSection
EndGlobal
